
Microsoft Visual Studio Solution File, Format Version 12.00
# Visual Studio 15
VisualStudioVersion = 15.0.28010.2003
MinimumVisualStudioVersion = 10.0.40219.1
Project("{8BC9CEB8-8B4A-11D0-8D11-00A0C91BC942}") = "ffmpeg_record", "ffmpeg_record\ffmpeg_record.vcxproj", "{A7887272-5AC4-453E-96BB-CA1A37E4AABE}"
EndProject
Global
	GlobalSection(SolutionConfigurationPlatforms) = preSolution
		Debug|x64 = Debug|x64
		Debug|x86 = Debug|x86
		Release|x64 = Release|x64
		Release|x86 = Release|x86
	EndGlobalSection
	GlobalSection(ProjectConfigurationPlatforms) = postSolution
		{A7887272-5AC4-453E-96BB-CA1A37E4AABE}.Debug|x64.ActiveCfg = Debug|x64
		{A7887272-5AC4-453E-96BB-CA1A37E4AABE}.Debug|x64.Build.0 = Debug|x64
		{A7887272-5AC4-453E-96BB-CA1A37E4AABE}.Debug|x86.ActiveCfg = Debug|Win32
		{A7887272-5AC4-453E-96BB-CA1A37E4AABE}.Debug|x86.Build.0 = Debug|Win32
		{A7887272-5AC4-453E-96BB-CA1A37E4AABE}.Release|x64.ActiveCfg = Release|x64
		{A7887272-5AC4-453E-96BB-CA1A37E4AABE}.Release|x64.Build.0 = Release|x64
		{A7887272-5AC4-453E-96BB-CA1A37E4AABE}.Release|x86.ActiveCfg = Release|Win32
		{A7887272-5AC4-453E-96BB-CA1A37E4AABE}.Release|x86.Build.0 = Release|Win32
	EndGlobalSection
	GlobalSection(SolutionProperties) = preSolution
		HideSolutionNode = FALSE
	EndGlobalSection
	GlobalSection(ExtensibilityGlobals) = postSolution
		SolutionGuid = {491B88DA-3DDB-40E1-8E1F-11F555BA9144}
	EndGlobalSection
EndGlobal
